{
    "name": "the-coin-explorer",
    "version": "0.1.0",
    "lockfileVersion": 3,
    "requires": true,
    "packages": {
        "": {
            "name": "the-coin-explorer",
            "version": "0.1.0",
            "hasInstallScript": true,
            "license": "ISC",
            "engines": {
                "node": ">=21.6.0",
                "npm": ">=10.4.0"
            }
        }
    }
}
